
Microsoft Visual Studio Solution File, Format Version 12.00
# Visual Studio 15
VisualStudioVersion = 15.0.27428.2002
MinimumVisualStudioVersion = 10.0.40219.1
Project("{8BC9CEB8-8B4A-11D0-8D11-00A0C91BC942}") = "BpKalmanFusionTracking", "BpKalmanFusionTracking\BpKalmanFusionTracking.vcxproj", "{7A956AD5-43A7-48E7-B2D3-113D611C62CC}"
EndProject
Global
	GlobalSection(SolutionConfigurationPlatforms) = preSolution
		Debug|x64 = Debug|x64
		Debug|x86 = Debug|x86
		Release|x64 = Release|x64
		Release|x86 = Release|x86
	EndGlobalSection
	GlobalSection(ProjectConfigurationPlatforms) = postSolution
		{7A956AD5-43A7-48E7-B2D3-113D611C62CC}.Debug|x64.ActiveCfg = Debug|x64
		{7A956AD5-43A7-48E7-B2D3-113D611C62CC}.Debug|x64.Build.0 = Debug|x64
		{7A956AD5-43A7-48E7-B2D3-113D611C62CC}.Debug|x86.ActiveCfg = Debug|Win32
		{7A956AD5-43A7-48E7-B2D3-113D611C62CC}.Debug|x86.Build.0 = Debug|Win32
		{7A956AD5-43A7-48E7-B2D3-113D611C62CC}.Release|x64.ActiveCfg = Release|x64
		{7A956AD5-43A7-48E7-B2D3-113D611C62CC}.Release|x64.Build.0 = Release|x64
		{7A956AD5-43A7-48E7-B2D3-113D611C62CC}.Release|x86.ActiveCfg = Release|Win32
		{7A956AD5-43A7-48E7-B2D3-113D611C62CC}.Release|x86.Build.0 = Release|Win32
	EndGlobalSection
	GlobalSection(SolutionProperties) = preSolution
		HideSolutionNode = FALSE
	EndGlobalSection
	GlobalSection(ExtensibilityGlobals) = postSolution
		SolutionGuid = {41E808CC-77BB-480A-AD0F-1F932BE81F05}
	EndGlobalSection
EndGlobal
